// !$*UTF8*$!
{
	archiveVersion = 1;
	classes = {
	};
	objectVersion = 46;
	objects = {

/* Begin PBXBuildFile section */
		823429C719991BB800006F99 /* Foundation.framework in Frameworks */ = {isa = PBXBuildFile; fileRef = 823429C619991BB800006F99 /* Foundation.framework */; };
		823429C919991BB800006F99 /* CoreGraphics.framework in Frameworks */ = {isa = PBXBuildFile; fileRef = 823429C819991BB800006F99 /* CoreGraphics.framework */; };
		823429CB19991BB800006F99 /* UIKit.framework in Frameworks */ = {isa = PBXBuildFile; fileRef = 823429CA19991BB800006F99 /* UIKit.framework */; };
		823429CD19991BB800006F99 /* CoreData.framework in Frameworks */ = {isa = PBXBuildFile; fileRef = 823429CC19991BB800006F99 /* CoreData.framework */; };
		823429D319991BB800006F99 /* InfoPlist.strings in Resources */ = {isa = PBXBuildFile; fileRef = 823429D119991BB800006F99 /* InfoPlist.strings */; };
		823429D519991BB800006F99 /* main.m in Sources */ = {isa = PBXBuildFile; fileRef = 823429D419991BB800006F99 /* main.m */; };
		823429D919991BB800006F99 /* AppDelegate.m in Sources */ = {isa = PBXBuildFile; fileRef = 823429D819991BB800006F99 /* AppDelegate.m */; };
		823429DC19991BB800006F99 /* Recipies.xcdatamodeld in Sources */ = {isa = PBXBuildFile; fileRef = 823429DA19991BB800006F99 /* Recipies.xcdatamodeld */; };
		823429DE19991BB800006F99 /* Images.xcassets in Resources */ = {isa = PBXBuildFile; fileRef = 823429DD19991BB800006F99 /* Images.xcassets */; };
		82342A0119991ED600006F99 /* LoginViewController.m in Sources */ = {isa = PBXBuildFile; fileRef = 82342A0019991ED600006F99 /* LoginViewController.m */; };
		82342A92199944ED00006F99 /* ThirstyScriptExtraBoldDemo.otf in Resources */ = {isa = PBXBuildFile; fileRef = 82342A91199944ED00006F99 /* ThirstyScriptExtraBoldDemo.otf */; };
		82342A951999486400006F99 /* MainmenuTableViewController.m in Sources */ = {isa = PBXBuildFile; fileRef = 82342A941999486400006F99 /* MainmenuTableViewController.m */; };
		82342A981999521C00006F99 /* RecipiesListTableViewController.m in Sources */ = {isa = PBXBuildFile; fileRef = 82342A971999521C00006F99 /* RecipiesListTableViewController.m */; };
		82681D43199CEAEB00553A9F /* CalculaterecipeViewController.m in Sources */ = {isa = PBXBuildFile; fileRef = 82681D42199CEAEB00553A9F /* CalculaterecipeViewController.m */; };
		82A99E21199BDCE8001FFDEF /* Recipes.m in Sources */ = {isa = PBXBuildFile; fileRef = 82A99E20199BDCE8001FFDEF /* Recipes.m */; };
		82DCDC6E19995CCC0084D91E /* UsersTableViewController.m in Sources */ = {isa = PBXBuildFile; fileRef = 82DCDC6D19995CCC0084D91E /* UsersTableViewController.m */; };
		82DCDC7219995E980084D91E /* CreateUserViewController.m in Sources */ = {isa = PBXBuildFile; fileRef = 82DCDC7119995E980084D91E /* CreateUserViewController.m */; };
		82DCDC76199963B90084D91E /* CreateRecipeViewController.m in Sources */ = {isa = PBXBuildFile; fileRef = 82DCDC75199963B90084D91E /* CreateRecipeViewController.m */; };
		82DCDC79199963CE0084D91E /* RecipesTableViewController.m in Sources */ = {isa = PBXBuildFile; fileRef = 82DCDC78199963CE0084D91E /* RecipesTableViewController.m */; };
		82DCDC7C199A59890084D91E /* Users.m in Sources */ = {isa = PBXBuildFile; fileRef = 82DCDC7B199A59890084D91E /* Users.m */; };
		C01316571CE7A9A500D54315 /* Launch Screen.storyboard in Resources */ = {isa = PBXBuildFile; fileRef = C01316561CE7A9A500D54315 /* Launch Screen.storyboard */; };
		C01A203C1CE78AF100DE3534 /* Main.storyboard in Resources */ = {isa = PBXBuildFile; fileRef = C01A203E1CE78AF100DE3534 /* Main.storyboard */; };
		C0EAD98E1AFE58DD006BCD91 /* 72.png in Resources */ = {isa = PBXBuildFile; fileRef = C0EAD9891AFE58DD006BCD91 /* 72.png */; };
		C0EAD98F1AFE58DD006BCD91 /* 144.png in Resources */ = {isa = PBXBuildFile; fileRef = C0EAD98A1AFE58DD006BCD91 /* 144.png */; };
		C0EAD9901AFE58DD006BCD91 /* BG.png in Resources */ = {isa = PBXBuildFile; fileRef = C0EAD98B1AFE58DD006BCD91 /* BG.png */; };
		C0EAD9911AFE58DD006BCD91 /* Logo.png in Resources */ = {isa = PBXBuildFile; fileRef = C0EAD98C1AFE58DD006BCD91 /* Logo.png */; };
		C0EAD9921AFE58DD006BCD91 /* LogoDark.png in Resources */ = {isa = PBXBuildFile; fileRef = C0EAD98D1AFE58DD006BCD91 /* LogoDark.png */; };
		C0EAD9961AFE60BD006BCD91 /* 144-1.png in Resources */ = {isa = PBXBuildFile; fileRef = C0EAD9931AFE60BD006BCD91 /* 144-1.png */; };
		C0EAD9971AFE60BD006BCD91 /* 144-2.png in Resources */ = {isa = PBXBuildFile; fileRef = C0EAD9941AFE60BD006BCD91 /* 144-2.png */; };
		C0EAD9981AFE60BD006BCD91 /* 144-3.png in Resources */ = {isa = PBXBuildFile; fileRef = C0EAD9951AFE60BD006BCD91 /* 144-3.png */; };
		C0EAD99A1AFE618C006BCD91 /* 300.png in Resources */ = {isa = PBXBuildFile; fileRef = C0EAD9991AFE618C006BCD91 /* 300.png */; };
/* End PBXBuildFile section */

/* Begin PBXFileReference section */
		823429C319991BB800006F99 /* Recipes.app */ = {isa = PBXFileReference; explicitFileType = wrapper.application; includeInIndex = 0; path = Recipes.app; sourceTree = BUILT_PRODUCTS_DIR; };
		823429C619991BB800006F99 /* Foundation.framework */ = {isa = PBXFileReference; lastKnownFileType = wrapper.framework; name = Foundation.framework; path = System/Library/Frameworks/Foundation.framework; sourceTree = SDKROOT; };
		823429C819991BB800006F99 /* CoreGraphics.framework */ = {isa = PBXFileReference; lastKnownFileType = wrapper.framework; name = CoreGraphics.framework; path = System/Library/Frameworks/CoreGraphics.framework; sourceTree = SDKROOT; };
		823429CA19991BB800006F99 /* UIKit.framework */ = {isa = PBXFileReference; lastKnownFileType = wrapper.framework; name = UIKit.framework; path = System/Library/Frameworks/UIKit.framework; sourceTree = SDKROOT; };
		823429CC19991BB800006F99 /* CoreData.framework */ = {isa = PBXFileReference; lastKnownFileType = wrapper.framework; name = CoreData.framework; path = System/Library/Frameworks/CoreData.framework; sourceTree = SDKROOT; };
		823429D019991BB800006F99 /* Recipes-Info.plist */ = {isa = PBXFileReference; lastKnownFileType = text.plist.xml; path = "Recipes-Info.plist"; sourceTree = "<group>"; };
		823429D219991BB800006F99 /* en */ = {isa = PBXFileReference; lastKnownFileType = text.plist.strings; name = en; path = en.lproj/InfoPlist.strings; sourceTree = "<group>"; };
		823429D419991BB800006F99 /* main.m */ = {isa = PBXFileReference; lastKnownFileType = sourcecode.c.objc; path = main.m; sourceTree = "<group>"; };
		823429D619991BB800006F99 /* Recipes-Prefix.pch */ = {isa = PBXFileReference; lastKnownFileType = sourcecode.c.h; path = "Recipes-Prefix.pch"; sourceTree = "<group>"; };
		823429D719991BB800006F99 /* AppDelegate.h */ = {isa = PBXFileReference; lastKnownFileType = sourcecode.c.h; path = AppDelegate.h; sourceTree = "<group>"; };
		823429D819991BB800006F99 /* AppDelegate.m */ = {isa = PBXFileReference; lastKnownFileType = sourcecode.c.objc; path = AppDelegate.m; sourceTree = "<group>"; };
		823429DB19991BB800006F99 /* Recipies.xcdatamodel */ = {isa = PBXFileReference; lastKnownFileType = wrapper.xcdatamodel; path = Recipies.xcdatamodel; sourceTree = "<group>"; };
		823429DD19991BB800006F99 /* Images.xcassets */ = {isa = PBXFileReference; lastKnownFileType = folder.assetcatalog; path = Images.xcassets; sourceTree = "<group>"; };
		823429E419991BB800006F99 /* XCTest.framework */ = {isa = PBXFileReference; lastKnownFileType = wrapper.framework; name = XCTest.framework; path = Library/Frameworks/XCTest.framework; sourceTree = DEVELOPER_DIR; };
		823429ED19991BB800006F99 /* RecipesTests-Info.plist */ = {isa = PBXFileReference; lastKnownFileType = text.plist.xml; path = "RecipesTests-Info.plist"; sourceTree = "<group>"; };
		823429EF19991BB800006F99 /* en */ = {isa = PBXFileReference; lastKnownFileType = text.plist.strings; name = en; path = en.lproj/InfoPlist.strings; sourceTree = "<group>"; };
		823429F119991BB800006F99 /* RecipiesTests.m */ = {isa = PBXFileReference; lastKnownFileType = sourcecode.c.objc; path = RecipiesTests.m; sourceTree = "<group>"; };
		823429FF19991ED600006F99 /* LoginViewController.h */ = {isa = PBXFileReference; fileEncoding = 4; lastKnownFileType = sourcecode.c.h; path = LoginViewController.h; sourceTree = "<group>"; };
		82342A0019991ED600006F99 /* LoginViewController.m */ = {isa = PBXFileReference; fileEncoding = 4; lastKnownFileType = sourcecode.c.objc; path = LoginViewController.m; sourceTree = "<group>"; };
		82342A91199944ED00006F99 /* ThirstyScriptExtraBoldDemo.otf */ = {isa = PBXFileReference; lastKnownFileType = file; path = ThirstyScriptExtraBoldDemo.otf; sourceTree = "<group>"; };
		82342A931999486400006F99 /* MainmenuTableViewController.h */ = {isa = PBXFileReference; fileEncoding = 4; lastKnownFileType = sourcecode.c.h; path = MainmenuTableViewController.h; sourceTree = "<group>"; };
		82342A941999486400006F99 /* MainmenuTableViewController.m */ = {isa = PBXFileReference; fileEncoding = 4; lastKnownFileType = sourcecode.c.objc; path = MainmenuTableViewController.m; sourceTree = "<group>"; };
		82342A961999521C00006F99 /* RecipiesListTableViewController.h */ = {isa = PBXFileReference; fileEncoding = 4; lastKnownFileType = sourcecode.c.h; path = RecipiesListTableViewController.h; sourceTree = "<group>"; };
		82342A971999521C00006F99 /* RecipiesListTableViewController.m */ = {isa = PBXFileReference; fileEncoding = 4; lastKnownFileType = sourcecode.c.objc; path = RecipiesListTableViewController.m; sourceTree = "<group>"; };
		82681D41199CEAEB00553A9F /* CalculaterecipeViewController.h */ = {isa = PBXFileReference; fileEncoding = 4; lastKnownFileType = sourcecode.c.h; path = CalculaterecipeViewController.h; sourceTree = "<group>"; };
		82681D42199CEAEB00553A9F /* CalculaterecipeViewController.m */ = {isa = PBXFileReference; fileEncoding = 4; lastKnownFileType = sourcecode.c.objc; path = CalculaterecipeViewController.m; sourceTree = "<group>"; };
		82A99E1F199BDCE8001FFDEF /* Recipes.h */ = {isa = PBXFileReference; fileEncoding = 4; lastKnownFileType = sourcecode.c.h; name = Recipes.h; path = Recipies/Recipes.h; sourceTree = "<group>"; };
		82A99E20199BDCE8001FFDEF /* Recipes.m */ = {isa = PBXFileReference; fileEncoding = 4; lastKnownFileType = sourcecode.c.objc; name = Recipes.m; path = Recipies/Recipes.m; sourceTree = "<group>"; };
		82DCDC6C19995CCC0084D91E /* UsersTableViewController.h */ = {isa = PBXFileReference; fileEncoding = 4; lastKnownFileType = sourcecode.c.h; path = UsersTableViewController.h; sourceTree = "<group>"; };
		82DCDC6D19995CCC0084D91E /* UsersTableViewController.m */ = {isa = PBXFileReference; fileEncoding = 4; lastKnownFileType = sourcecode.c.objc; path = UsersTableViewController.m; sourceTree = "<group>"; };
		82DCDC7019995E980084D91E /* CreateUserViewController.h */ = {isa = PBXFileReference; fileEncoding = 4; lastKnownFileType = sourcecode.c.h; path = CreateUserViewController.h; sourceTree = "<group>"; };
		82DCDC7119995E980084D91E /* CreateUserViewController.m */ = {isa = PBXFileReference; fileEncoding = 4; lastKnownFileType = sourcecode.c.objc; path = CreateUserViewController.m; sourceTree = "<group>"; };
		82DCDC74199963B90084D91E /* CreateRecipeViewController.h */ = {isa = PBXFileReference; fileEncoding = 4; lastKnownFileType = sourcecode.c.h; path = CreateRecipeViewController.h; sourceTree = "<group>"; };
		82DCDC75199963B90084D91E /* CreateRecipeViewController.m */ = {isa = PBXFileReference; fileEncoding = 4; lastKnownFileType = sourcecode.c.objc; path = CreateRecipeViewController.m; sourceTree = "<group>"; };
		82DCDC77199963CE0084D91E /* RecipesTableViewController.h */ = {isa = PBXFileReference; fileEncoding = 4; lastKnownFileType = sourcecode.c.h; path = RecipesTableViewController.h; sourceTree = "<group>"; };
		82DCDC78199963CE0084D91E /* RecipesTableViewController.m */ = {isa = PBXFileReference; fileEncoding = 4; lastKnownFileType = sourcecode.c.objc; path = RecipesTableViewController.m; sourceTree = "<group>"; };
		82DCDC7A199A59890084D91E /* Users.h */ = {isa = PBXFileReference; fileEncoding = 4; lastKnownFileType = sourcecode.c.h; name = Users.h; path = Recipies/Users.h; sourceTree = "<group>"; };
		82DCDC7B199A59890084D91E /* Users.m */ = {isa = PBXFileReference; fileEncoding = 4; lastKnownFileType = sourcecode.c.objc; name = Users.m; path = Recipies/Users.m; sourceTree = "<group>"; };
		C01316561CE7A9A500D54315 /* Launch Screen.storyboard */ = {isa = PBXFileReference; fileEncoding = 4; lastKnownFileType = file.storyboard; path = "Launch Screen.storyboard"; sourceTree = "<group>"; };
		C01A203D1CE78AF100DE3534 /* en */ = {isa = PBXFileReference; lastKnownFileType = file.storyboard; name = en; path = en.lproj/Main.storyboard; sourceTree = "<group>"; };
		C0EAD9891AFE58DD006BCD91 /* 72.png */ = {isa = PBXFileReference; lastKnownFileType = image.png; name = 72.png; path = images/72.png; sourceTree = "<group>"; };
		C0EAD98A1AFE58DD006BCD91 /* 144.png */ = {isa = PBXFileReference; lastKnownFileType = image.png; name = 144.png; path = ../images/144.png; sourceTree = "<group>"; };
		C0EAD98B1AFE58DD006BCD91 /* BG.png */ = {isa = PBXFileReference; lastKnownFileType = image.png; name = BG.png; path = images/BG.png; sourceTree = "<group>"; };
		C0EAD98C1AFE58DD006BCD91 /* Logo.png */ = {isa = PBXFileReference; lastKnownFileType = image.png; name = Logo.png; path = images/Logo.png; sourceTree = "<group>"; };
		C0EAD98D1AFE58DD006BCD91 /* LogoDark.png */ = {isa = PBXFileReference; lastKnownFileType = image.png; name = LogoDark.png; path = images/LogoDark.png; sourceTree = "<group>"; };
		C0EAD9931AFE60BD006BCD91 /* 144-1.png */ = {isa = PBXFileReference; lastKnownFileType = image.png; path = "144-1.png"; sourceTree = "<group>"; };
		C0EAD9941AFE60BD006BCD91 /* 144-2.png */ = {isa = PBXFileReference; lastKnownFileType = image.png; path = "144-2.png"; sourceTree = "<group>"; };
		C0EAD9951AFE60BD006BCD91 /* 144-3.png */ = {isa = PBXFileReference; lastKnownFileType = image.png; path = "144-3.png"; sourceTree = "<group>"; };
		C0EAD9991AFE618C006BCD91 /* 300.png */ = {isa = PBXFileReference; lastKnownFileType = image.png; name = 300.png; path = images/300.png; sourceTree = "<group>"; };
/* End PBXFileReference section */

/* Begin PBXFrameworksBuildPhase section */
		823429C019991BB800006F99 /* Frameworks */ = {
			isa = PBXFrameworksBuildPhase;
			buildActionMask = 2147483647;
			files = (
				823429C919991BB800006F99 /* CoreGraphics.framework in Frameworks */,
				823429CD19991BB800006F99 /* CoreData.framework in Frameworks */,
				823429CB19991BB800006F99 /* UIKit.framework in Frameworks */,
				823429C719991BB800006F99 /* Foundation.framework in Frameworks */,
			);
			runOnlyForDeploymentPostprocessing = 0;
		};
/* End PBXFrameworksBuildPhase section */

/* Begin PBXGroup section */
		823429BA19991BB800006F99 = {
			isa = PBXGroup;
			children = (
				C0EAD9881AFE58B0006BCD91 /* images */,
				823429FE19991EB600006F99 /* ViewControllers */,
				82342A901999446B00006F99 /* Resources */,
				823429FB19991BD200006F99 /* StoryBoard */,
				823429CE19991BB800006F99 /* Recipies */,
				823429EB19991BB800006F99 /* RecipesTests */,
				823429C519991BB800006F99 /* Frameworks */,
				823429C419991BB800006F99 /* Products */,
			);
			sourceTree = "<group>";
		};
		823429C419991BB800006F99 /* Products */ = {
			isa = PBXGroup;
			children = (
				823429C319991BB800006F99 /* Recipes.app */,
			);
			name = Products;
			sourceTree = "<group>";
		};
		823429C519991BB800006F99 /* Frameworks */ = {
			isa = PBXGroup;
			children = (
				823429C619991BB800006F99 /* Foundation.framework */,
				823429C819991BB800006F99 /* CoreGraphics.framework */,
				823429CA19991BB800006F99 /* UIKit.framework */,
				823429CC19991BB800006F99 /* CoreData.framework */,
				823429E419991BB800006F99 /* XCTest.framework */,
			);
			name = Frameworks;
			sourceTree = "<group>";
		};
		823429CE19991BB800006F99 /* Recipies */ = {
			isa = PBXGroup;
			children = (
				823429D719991BB800006F99 /* AppDelegate.h */,
				823429D819991BB800006F99 /* AppDelegate.m */,
				823429DD19991BB800006F99 /* Images.xcassets */,
				823429DA19991BB800006F99 /* Recipies.xcdatamodeld */,
				823429CF19991BB800006F99 /* Supporting Files */,
			);
			path = Recipies;
			sourceTree = "<group>";
		};
		823429CF19991BB800006F99 /* Supporting Files */ = {
			isa = PBXGroup;
			children = (
				C0EAD9931AFE60BD006BCD91 /* 144-1.png */,
				C0EAD9941AFE60BD006BCD91 /* 144-2.png */,
				C0EAD9951AFE60BD006BCD91 /* 144-3.png */,
				C0EAD98A1AFE58DD006BCD91 /* 144.png */,
				823429D019991BB800006F99 /* Recipes-Info.plist */,
				823429D119991BB800006F99 /* InfoPlist.strings */,
				823429D419991BB800006F99 /* main.m */,
				823429D619991BB800006F99 /* Recipes-Prefix.pch */,
			);
			name = "Supporting Files";
			sourceTree = "<group>";
		};
		823429EB19991BB800006F99 /* RecipesTests */ = {
			isa = PBXGroup;
			children = (
				823429F119991BB800006F99 /* RecipiesTests.m */,
				823429EC19991BB800006F99 /* Supporting Files */,
			);
			name = RecipesTests;
			path = RecipiesTests;
			sourceTree = "<group>";
		};
		823429EC19991BB800006F99 /* Supporting Files */ = {
			isa = PBXGroup;
			children = (
				823429ED19991BB800006F99 /* RecipesTests-Info.plist */,
				823429EE19991BB800006F99 /* InfoPlist.strings */,
			);
			name = "Supporting Files";
			sourceTree = "<group>";
		};
		823429FB19991BD200006F99 /* StoryBoard */ = {
			isa = PBXGroup;
			children = (
				C01A203E1CE78AF100DE3534 /* Main.storyboard */,
				C01316561CE7A9A500D54315 /* Launch Screen.storyboard */,
			);
			name = StoryBoard;
			sourceTree = "<group>";
		};
		823429FE19991EB600006F99 /* ViewControllers */ = {
			isa = PBXGroup;
			children = (
				82A99E1E199BB424001FFDEF /* ClientRecipe */,
				82DCDC73199963880084D91E /* Recipes */,
				82A99E1D199BB405001FFDEF /* Login&Menu */,
				82DCDC7D199A599A0084D91E /* Entites */,
				82DCDC6F19995E6B0084D91E /* Users */,
			);
			name = ViewControllers;
			sourceTree = "<group>";
		};
		82342A901999446B00006F99 /* Resources */ = {
			isa = PBXGroup;
			children = (
				82342A91199944ED00006F99 /* ThirstyScriptExtraBoldDemo.otf */,
			);
			name = Resources;
			sourceTree = "<group>";
		};
		82A99E1D199BB405001FFDEF /* Login&Menu */ = {
			isa = PBXGroup;
			children = (
				823429FF19991ED600006F99 /* LoginViewController.h */,
				82342A0019991ED600006F99 /* LoginViewController.m */,
				82342A931999486400006F99 /* MainmenuTableViewController.h */,
				82342A941999486400006F99 /* MainmenuTableViewController.m */,
			);
			name = "Login&Menu";
			sourceTree = "<group>";
		};
		82A99E1E199BB424001FFDEF /* ClientRecipe */ = {
			isa = PBXGroup;
			children = (
				82681D41199CEAEB00553A9F /* CalculaterecipeViewController.h */,
				82681D42199CEAEB00553A9F /* CalculaterecipeViewController.m */,
				82342A961999521C00006F99 /* RecipiesListTableViewController.h */,
				82342A971999521C00006F99 /* RecipiesListTableViewController.m */,
			);
			name = ClientRecipe;
			sourceTree = "<group>";
		};
		82DCDC6F19995E6B0084D91E /* Users */ = {
			isa = PBXGroup;
			children = (
				82DCDC6C19995CCC0084D91E /* UsersTableViewController.h */,
				82DCDC6D19995CCC0084D91E /* UsersTableViewController.m */,
				82DCDC7019995E980084D91E /* CreateUserViewController.h */,
				82DCDC7119995E980084D91E /* CreateUserViewController.m */,
			);
			name = Users;
			sourceTree = "<group>";
		};
		82DCDC73199963880084D91E /* Recipes */ = {
			isa = PBXGroup;
			children = (
				82DCDC74199963B90084D91E /* CreateRecipeViewController.h */,
				82DCDC75199963B90084D91E /* CreateRecipeViewController.m */,
				82DCDC77199963CE0084D91E /* RecipesTableViewController.h */,
				82DCDC78199963CE0084D91E /* RecipesTableViewController.m */,
			);
			name = Recipes;
			sourceTree = "<group>";
		};
		82DCDC7D199A599A0084D91E /* Entites */ = {
			isa = PBXGroup;
			children = (
				82A99E1F199BDCE8001FFDEF /* Recipes.h */,
				82A99E20199BDCE8001FFDEF /* Recipes.m */,
				82DCDC7A199A59890084D91E /* Users.h */,
				82DCDC7B199A59890084D91E /* Users.m */,
			);
			name = Entites;
			sourceTree = "<group>";
		};
		C0EAD9881AFE58B0006BCD91 /* images */ = {
			isa = PBXGroup;
			children = (
				C0EAD9991AFE618C006BCD91 /* 300.png */,
				C0EAD9891AFE58DD006BCD91 /* 72.png */,
				C0EAD98B1AFE58DD006BCD91 /* BG.png */,
				C0EAD98C1AFE58DD006BCD91 /* Logo.png */,
				C0EAD98D1AFE58DD006BCD91 /* LogoDark.png */,
			);
			name = images;
			sourceTree = "<group>";
		};
/* End PBXGroup section */

/* Begin PBXNativeTarget section */
		823429C219991BB800006F99 /* Recipes */ = {
			isa = PBXNativeTarget;
			buildConfigurationList = 823429F519991BB800006F99 /* Build configuration list for PBXNativeTarget "Recipes" */;
			buildPhases = (
				823429BF19991BB800006F99 /* Sources */,
				823429C019991BB800006F99 /* Frameworks */,
				823429C119991BB800006F99 /* Resources */,
			);
			buildRules = (
			);
			dependencies = (
			);
			name = Recipes;
			productName = Recipies;
			productReference = 823429C319991BB800006F99 /* Recipes.app */;
			productType = "com.apple.product-type.application";
		};
/* End PBXNativeTarget section */

/* Begin PBXProject section */
		823429BB19991BB800006F99 /* Project object */ = {
			isa = PBXProject;
			attributes = {
				LastUpgradeCheck = 0510;
				ORGANIZATIONNAME = "___FULLUSERNAME___";
				TargetAttributes = {
					823429C219991BB800006F99 = {
						DevelopmentTeam = 3PHQFHUHZE;
					};
				};
			};
			buildConfigurationList = 823429BE19991BB800006F99 /* Build configuration list for PBXProject "Recipes" */;
			compatibilityVersion = "Xcode 3.2";
			developmentRegion = English;
			hasScannedForEncodings = 0;
			knownRegions = (
				en,
			);
			mainGroup = 823429BA19991BB800006F99;
			productRefGroup = 823429C419991BB800006F99 /* Products */;
			projectDirPath = "";
			projectRoot = "";
			targets = (
				823429C219991BB800006F99 /* Recipes */,
			);
		};
/* End PBXProject section */

/* Begin PBXResourcesBuildPhase section */
		823429C119991BB800006F99 /* Resources */ = {
			isa = PBXResourcesBuildPhase;
			buildActionMask = 2147483647;
			files = (
				C0EAD9971AFE60BD006BCD91 /* 144-2.png in Resources */,
				C0EAD98E1AFE58DD006BCD91 /* 72.png in Resources */,
				823429D319991BB800006F99 /* InfoPlist.strings in Resources */,
				823429DE19991BB800006F99 /* Images.xcassets in Resources */,
				C0EAD9961AFE60BD006BCD91 /* 144-1.png in Resources */,
				C0EAD98F1AFE58DD006BCD91 /* 144.png in Resources */,
				C01316571CE7A9A500D54315 /* Launch Screen.storyboard in Resources */,
				C0EAD99A1AFE618C006BCD91 /* 300.png in Resources */,
				C0EAD9911AFE58DD006BCD91 /* Logo.png in Resources */,
				C0EAD9921AFE58DD006BCD91 /* LogoDark.png in Resources */,
				82342A92199944ED00006F99 /* ThirstyScriptExtraBoldDemo.otf in Resources */,
				C0EAD9981AFE60BD006BCD91 /* 144-3.png in Resources */,
				C01A203C1CE78AF100DE3534 /* Main.storyboard in Resources */,
				C0EAD9901AFE58DD006BCD91 /* BG.png in Resources */,
			);
			runOnlyForDeploymentPostprocessing = 0;
		};
/* End PBXResourcesBuildPhase section */

/* Begin PBXSourcesBuildPhase section */
		823429BF19991BB800006F99 /* Sources */ = {
			isa = PBXSourcesBuildPhase;
			buildActionMask = 2147483647;
			files = (
				82342A0119991ED600006F99 /* LoginViewController.m in Sources */,
				82342A981999521C00006F99 /* RecipiesListTableViewController.m in Sources */,
				82DCDC6E19995CCC0084D91E /* UsersTableViewController.m in Sources */,
				823429D919991BB800006F99 /* AppDelegate.m in Sources */,
				82342A951999486400006F99 /* MainmenuTableViewController.m in Sources */,
				82DCDC76199963B90084D91E /* CreateRecipeViewController.m in Sources */,
				823429DC19991BB800006F99 /* Recipies.xcdatamodeld in Sources */,
				82DCDC79199963CE0084D91E /* RecipesTableViewController.m in Sources */,
				823429D519991BB800006F99 /* main.m in Sources */,
				82681D43199CEAEB00553A9F /* CalculaterecipeViewController.m in Sources */,
				82DCDC7219995E980084D91E /* CreateUserViewController.m in Sources */,
				82DCDC7C199A59890084D91E /* Users.m in Sources */,
				82A99E21199BDCE8001FFDEF /* Recipes.m in Sources */,
			);
			runOnlyForDeploymentPostprocessing = 0;
		};
/* End PBXSourcesBuildPhase section */

/* Begin PBXVariantGroup section */
		823429D119991BB800006F99 /* InfoPlist.strings */ = {
			isa = PBXVariantGroup;
			children = (
				823429D219991BB800006F99 /* en */,
			);
			name = InfoPlist.strings;
			sourceTree = "<group>";
		};
		823429EE19991BB800006F99 /* InfoPlist.strings */ = {
			isa = PBXVariantGroup;
			children = (
				823429EF19991BB800006F99 /* en */,
			);
			name = InfoPlist.strings;
			sourceTree = "<group>";
		};
		C01A203E1CE78AF100DE3534 /* Main.storyboard */ = {
			isa = PBXVariantGroup;
			children = (
				C01A203D1CE78AF100DE3534 /* en */,
			);
			name = Main.storyboard;
			sourceTree = "<group>";
		};
/* End PBXVariantGroup section */

/* Begin XCBuildConfiguration section */
		823429F319991BB800006F99 /* Debug */ = {
			isa = XCBuildConfiguration;
			buildSettings = {
				ALWAYS_SEARCH_USER_PATHS = NO;
				CLANG_CXX_LANGUAGE_STANDARD = "gnu++0x";
				CLANG_CXX_LIBRARY = "libc++";
				CLANG_ENABLE_MODULES = YES;
				CLANG_ENABLE_OBJC_ARC = YES;
				CLANG_WARN_BOOL_CONVERSION = YES;
				CLANG_WARN_CONSTANT_CONVERSION = YES;
				CLANG_WARN_DIRECT_OBJC_ISA_USAGE = YES_ERROR;
				CLANG_WARN_EMPTY_BODY = YES;
				CLANG_WARN_ENUM_CONVERSION = YES;
				CLANG_WARN_INT_CONVERSION = YES;
				CLANG_WARN_OBJC_ROOT_CLASS = YES_ERROR;
				CLANG_WARN__DUPLICATE_METHOD_MATCH = YES;
				"CODE_SIGN_IDENTITY[sdk=iphoneos*]" = "iPhone Developer";
				COPY_PHASE_STRIP = NO;
				GCC_C_LANGUAGE_STANDARD = gnu99;
				GCC_DYNAMIC_NO_PIC = NO;
				GCC_OPTIMIZATION_LEVEL = 0;
				GCC_PREPROCESSOR_DEFINITIONS = (
					"DEBUG=1",
					"$(inherited)",
				);
				GCC_SYMBOLS_PRIVATE_EXTERN = NO;
				GCC_WARN_64_TO_32_BIT_CONVERSION = YES;
				GCC_WARN_ABOUT_RETURN_TYPE = YES_ERROR;
				GCC_WARN_UNDECLARED_SELECTOR = YES;
				GCC_WARN_UNINITIALIZED_AUTOS = YES_AGGRESSIVE;
				GCC_WARN_UNUSED_FUNCTION = YES;
				GCC_WARN_UNUSED_VARIABLE = YES;
				IPHONEOS_DEPLOYMENT_TARGET = 7.1;
				ONLY_ACTIVE_ARCH = YES;
				SDKROOT = iphoneos;
				TARGETED_DEVICE_FAMILY = "1,2";
			};
			name = Debug;
		};
		823429F419991BB800006F99 /* Release */ = {
			isa = XCBuildConfiguration;
			buildSettings = {
				ALWAYS_SEARCH_USER_PATHS = NO;
				CLANG_CXX_LANGUAGE_STANDARD = "gnu++0x";
				CLANG_CXX_LIBRARY = "libc++";
				CLANG_ENABLE_MODULES = YES;
				CLANG_ENABLE_OBJC_ARC = YES;
				CLANG_WARN_BOOL_CONVERSION = YES;
				CLANG_WARN_CONSTANT_CONVERSION = YES;
				CLANG_WARN_DIRECT_OBJC_ISA_USAGE = YES_ERROR;
				CLANG_WARN_EMPTY_BODY = YES;
				CLANG_WARN_ENUM_CONVERSION = YES;
				CLANG_WARN_INT_CONVERSION = YES;
				CLANG_WARN_OBJC_ROOT_CLASS = YES_ERROR;
				CLANG_WARN__DUPLICATE_METHOD_MATCH = YES;
				"CODE_SIGN_IDENTITY[sdk=iphoneos*]" = "iPhone Developer";
				COPY_PHASE_STRIP = YES;
				ENABLE_NS_ASSERTIONS = NO;
				GCC_C_LANGUAGE_STANDARD = gnu99;
				GCC_WARN_64_TO_32_BIT_CONVERSION = YES;
				GCC_WARN_ABOUT_RETURN_TYPE = YES_ERROR;
				GCC_WARN_UNDECLARED_SELECTOR = YES;
				GCC_WARN_UNINITIALIZED_AUTOS = YES_AGGRESSIVE;
				GCC_WARN_UNUSED_FUNCTION = YES;
				GCC_WARN_UNUSED_VARIABLE = YES;
				IPHONEOS_DEPLOYMENT_TARGET = 7.1;
				ONLY_ACTIVE_ARCH = YES;
				SDKROOT = iphoneos;
				TARGETED_DEVICE_FAMILY = "1,2";
				VALIDATE_PRODUCT = YES;
			};
			name = Release;
		};
		823429F619991BB800006F99 /* Debug */ = {
			isa = XCBuildConfiguration;
			buildSettings = {
				ASSETCATALOG_COMPILER_APPICON_NAME = AppIcon;
				ASSETCATALOG_COMPILER_LAUNCHIMAGE_NAME = LaunchImage;
				CODE_SIGN_IDENTITY = "iPhone Developer";
				"CODE_SIGN_IDENTITY[sdk=iphoneos*]" = "iPhone Developer";
				GCC_PRECOMPILE_PREFIX_HEADER = YES;
				GCC_PREFIX_HEADER = "Recipies/Recipes-Prefix.pch";
				INFOPLIST_FILE = "Recipies/Recipes-Info.plist";
				PRODUCT_NAME = Recipes;
				PROVISIONING_PROFILE = "";
				TARGETED_DEVICE_FAMILY = "1,2";
				WRAPPER_EXTENSION = app;
			};
			name = Debug;
		};
		823429F719991BB800006F99 /* Release */ = {
			isa = XCBuildConfiguration;
			buildSettings = {
				ASSETCATALOG_COMPILER_APPICON_NAME = AppIcon;
				ASSETCATALOG_COMPILER_LAUNCHIMAGE_NAME = LaunchImage;
				CODE_SIGN_IDENTITY = "iPhone Developer";
				"CODE_SIGN_IDENTITY[sdk=iphoneos*]" = "iPhone Developer";
				GCC_PRECOMPILE_PREFIX_HEADER = YES;
				GCC_PREFIX_HEADER = "Recipies/Recipes-Prefix.pch";
				INFOPLIST_FILE = "Recipies/Recipes-Info.plist";
				PRODUCT_NAME = Recipes;
				PROVISIONING_PROFILE = "";
				TARGETED_DEVICE_FAMILY = "1,2";
				WRAPPER_EXTENSION = app;
			};
			name = Release;
		};
/* End XCBuildConfiguration section */

/* Begin XCConfigurationList section */
		823429BE19991BB800006F99 /* Build configuration list for PBXProject "Recipes" */ = {
			isa = XCConfigurationList;
			buildConfigurations = (
				823429F319991BB800006F99 /* Debug */,
				823429F419991BB800006F99 /* Release */,
			);
			defaultConfigurationIsVisible = 0;
			defaultConfigurationName = Release;
		};
		823429F519991BB800006F99 /* Build configuration list for PBXNativeTarget "Recipes" */ = {
			isa = XCConfigurationList;
			buildConfigurations = (
				823429F619991BB800006F99 /* Debug */,
				823429F719991BB800006F99 /* Release */,
			);
			defaultConfigurationIsVisible = 0;
			defaultConfigurationName = Release;
		};
/* End XCConfigurationList section */

/* Begin XCVersionGroup section */
		823429DA19991BB800006F99 /* Recipies.xcdatamodeld */ = {
			isa = XCVersionGroup;
			children = (
				823429DB19991BB800006F99 /* Recipies.xcdatamodel */,
			);
			currentVersion = 823429DB19991BB800006F99 /* Recipies.xcdatamodel */;
			path = Recipies.xcdatamodeld;
			sourceTree = "<group>";
			versionGroupType = wrapper.xcdatamodel;
		};
/* End XCVersionGroup section */
	};
	rootObject = 823429BB19991BB800006F99 /* Project object */;
}
